
Microsoft Visual Studio Solution File, Format Version 12.00
# Visual Studio Version 17
VisualStudioVersion = 17.0.32014.148
MinimumVisualStudioVersion = 10.0.40219.1
Project("{888888A0-9F3D-457C-B088-3A5042F75D52}") = "Face_Detection", "Face_Detection\Face_Detection.pyproj", "{910EA379-2CB9-4412-9843-E7A6D67735B4}"
EndProject
Global
	GlobalSection(SolutionConfigurationPlatforms) = preSolution
		Debug|Any CPU = Debug|Any CPU
		Release|Any CPU = Release|Any CPU
	EndGlobalSection
	GlobalSection(ProjectConfigurationPlatforms) = postSolution
		{910EA379-2CB9-4412-9843-E7A6D67735B4}.Debug|Any CPU.ActiveCfg = Debug|Any CPU
		{910EA379-2CB9-4412-9843-E7A6D67735B4}.Release|Any CPU.ActiveCfg = Release|Any CPU
	EndGlobalSection
	GlobalSection(SolutionProperties) = preSolution
		HideSolutionNode = FALSE
	EndGlobalSection
	GlobalSection(ExtensibilityGlobals) = postSolution
		SolutionGuid = {2DF66243-D096-4FC0-BBA1-23F4D9DF2049}
	EndGlobalSection
EndGlobal
